
Microsoft Visual Studio Solution File, Format Version 12.00
# Visual Studio Version 17
VisualStudioVersion = 17.2.32516.85
MinimumVisualStudioVersion = 10.0.40219.1
Project("{9A19103F-16F7-4668-BE54-9A1E7A4F7556}") = "RoverApp", "RoverApp\RoverApp.csproj", "{EC6EA5C4-24EA-4523-843A-BE87D124DE83}"
EndProject
Project("{FAE04EC0-301F-11D3-BF4B-00C04F79EFBC}") = "RoverAppTest", "RoverAppTest\RoverAppTest.csproj", "{401E3CB1-610F-4287-BA65-BE2D74BF647D}"
EndProject
Global
	GlobalSection(SolutionConfigurationPlatforms) = preSolution
		Debug|Any CPU = Debug|Any CPU
		Release|Any CPU = Release|Any CPU
	EndGlobalSection
	GlobalSection(ProjectConfigurationPlatforms) = postSolution
		{EC6EA5C4-24EA-4523-843A-BE87D124DE83}.Debug|Any CPU.ActiveCfg = Debug|Any CPU
		{EC6EA5C4-24EA-4523-843A-BE87D124DE83}.Debug|Any CPU.Build.0 = Debug|Any CPU
		{EC6EA5C4-24EA-4523-843A-BE87D124DE83}.Release|Any CPU.ActiveCfg = Release|Any CPU
		{EC6EA5C4-24EA-4523-843A-BE87D124DE83}.Release|Any CPU.Build.0 = Release|Any CPU
		{401E3CB1-610F-4287-BA65-BE2D74BF647D}.Debug|Any CPU.ActiveCfg = Debug|Any CPU
		{401E3CB1-610F-4287-BA65-BE2D74BF647D}.Debug|Any CPU.Build.0 = Debug|Any CPU
		{401E3CB1-610F-4287-BA65-BE2D74BF647D}.Release|Any CPU.ActiveCfg = Release|Any CPU
		{401E3CB1-610F-4287-BA65-BE2D74BF647D}.Release|Any CPU.Build.0 = Release|Any CPU
	EndGlobalSection
	GlobalSection(SolutionProperties) = preSolution
		HideSolutionNode = FALSE
	EndGlobalSection
	GlobalSection(ExtensibilityGlobals) = postSolution
		SolutionGuid = {155BAB8F-DAC0-4303-B05A-838942E76986}
	EndGlobalSection
EndGlobal
